
Microsoft Visual Studio Solution File, Format Version 12.00
# Visual Studio Version 17
VisualStudioVersion = 17.5.33627.172
MinimumVisualStudioVersion = 10.0.40219.1
Project("{FAE04EC0-301F-11D3-BF4B-00C04F79EFBC}") = "MP_Debugging", "MP_Debugging\MP_Debugging.csproj", "{E4566F12-3BAA-4F71-8831-B3DC5CEF7F90}"
EndProject
Global
	GlobalSection(SolutionConfigurationPlatforms) = preSolution
		Debug|Any CPU = Debug|Any CPU
		Release|Any CPU = Release|Any CPU
	EndGlobalSection
	GlobalSection(ProjectConfigurationPlatforms) = postSolution
		{E4566F12-3BAA-4F71-8831-B3DC5CEF7F90}.Debug|Any CPU.ActiveCfg = Debug|Any CPU
		{E4566F12-3BAA-4F71-8831-B3DC5CEF7F90}.Debug|Any CPU.Build.0 = Debug|Any CPU
		{E4566F12-3BAA-4F71-8831-B3DC5CEF7F90}.Release|Any CPU.ActiveCfg = Release|Any CPU
		{E4566F12-3BAA-4F71-8831-B3DC5CEF7F90}.Release|Any CPU.Build.0 = Release|Any CPU
	EndGlobalSection
	GlobalSection(SolutionProperties) = preSolution
		HideSolutionNode = FALSE
	EndGlobalSection
	GlobalSection(ExtensibilityGlobals) = postSolution
		SolutionGuid = {CDD56CD8-612C-4A36-A978-940A4BA3DFAF}
	EndGlobalSection
EndGlobal
